
Microsoft Visual Studio Solution File, Format Version 12.00
# Visual Studio Version 16
VisualStudioVersion = 16.0.29519.181
MinimumVisualStudioVersion = 10.0.40219.1
Project("{FAE04EC0-301F-11D3-BF4B-00C04F79EFBC}") = "HW1103", "HW1103\HW1103.csproj", "{37746596-C7AE-47EC-81C9-383118F8657E}"
EndProject
Project("{FAE04EC0-301F-11D3-BF4B-00C04F79EFBC}") = "Geometry", "Geometry\Geometry.csproj", "{614C428D-9FB7-4421-BD0E-02B7A8185218}"
EndProject
Global
	GlobalSection(SolutionConfigurationPlatforms) = preSolution
		Debug|Any CPU = Debug|Any CPU
		Release|Any CPU = Release|Any CPU
	EndGlobalSection
	GlobalSection(ProjectConfigurationPlatforms) = postSolution
		{37746596-C7AE-47EC-81C9-383118F8657E}.Debug|Any CPU.ActiveCfg = Debug|Any CPU
		{37746596-C7AE-47EC-81C9-383118F8657E}.Debug|Any CPU.Build.0 = Debug|Any CPU
		{37746596-C7AE-47EC-81C9-383118F8657E}.Release|Any CPU.ActiveCfg = Release|Any CPU
		{37746596-C7AE-47EC-81C9-383118F8657E}.Release|Any CPU.Build.0 = Release|Any CPU
		{614C428D-9FB7-4421-BD0E-02B7A8185218}.Debug|Any CPU.ActiveCfg = Debug|Any CPU
		{614C428D-9FB7-4421-BD0E-02B7A8185218}.Debug|Any CPU.Build.0 = Debug|Any CPU
		{614C428D-9FB7-4421-BD0E-02B7A8185218}.Release|Any CPU.ActiveCfg = Release|Any CPU
		{614C428D-9FB7-4421-BD0E-02B7A8185218}.Release|Any CPU.Build.0 = Release|Any CPU
	EndGlobalSection
	GlobalSection(SolutionProperties) = preSolution
		HideSolutionNode = FALSE
	EndGlobalSection
	GlobalSection(ExtensibilityGlobals) = postSolution
		SolutionGuid = {EC60F20B-A6C7-40DB-9539-657FDF8C0FC7}
	EndGlobalSection
EndGlobal
